
Microsoft Visual Studio Solution File, Format Version 12.00
# Visual Studio Version 16
VisualStudioVersion = 16.0.29306.81
MinimumVisualStudioVersion = 10.0.40219.1
Project("{FAE04EC0-301F-11D3-BF4B-00C04F79EFBC}") = "RosasApplication", "RosasApplication\RosasApplication.csproj", "{FC4A2D6B-ABFB-43CB-8D4D-D11C9C201F20}"
EndProject
Global
	GlobalSection(SolutionConfigurationPlatforms) = preSolution
		Debug|Any CPU = Debug|Any CPU
		Release|Any CPU = Release|Any CPU
	EndGlobalSection
	GlobalSection(ProjectConfigurationPlatforms) = postSolution
		{FC4A2D6B-ABFB-43CB-8D4D-D11C9C201F20}.Debug|Any CPU.ActiveCfg = Debug|Any CPU
		{FC4A2D6B-ABFB-43CB-8D4D-D11C9C201F20}.Debug|Any CPU.Build.0 = Debug|Any CPU
		{FC4A2D6B-ABFB-43CB-8D4D-D11C9C201F20}.Release|Any CPU.ActiveCfg = Release|Any CPU
		{FC4A2D6B-ABFB-43CB-8D4D-D11C9C201F20}.Release|Any CPU.Build.0 = Release|Any CPU
	EndGlobalSection
	GlobalSection(SolutionProperties) = preSolution
		HideSolutionNode = FALSE
	EndGlobalSection
	GlobalSection(ExtensibilityGlobals) = postSolution
		SolutionGuid = {0D680B4D-0397-4A30-BE21-F74C453A492F}
	EndGlobalSection
EndGlobal
